
Microsoft Visual Studio Solution File, Format Version 12.00
# Visual Studio Version 17
VisualStudioVersion = 17.13.35931.197
MinimumVisualStudioVersion = 10.0.40219.1
Project("{FAE04EC0-301F-11D3-BF4B-00C04F79EFBC}") = "MyChatApp.AppHost", "MyChatApp.AppHost\MyChatApp.AppHost.csproj", "{F4D940C1-F3DE-7A3D-7CC9-E3E428388560}"
EndProject
Project("{FAE04EC0-301F-11D3-BF4B-00C04F79EFBC}") = "MyChatApp.ServiceDefaults", "MyChatApp.ServiceDefaults\MyChatApp.ServiceDefaults.csproj", "{A2C93826-BCCC-C6DD-3269-F6E8DF7A06B4}"
EndProject
Project("{FAE04EC0-301F-11D3-BF4B-00C04F79EFBC}") = "MyChatApp.Web", "MyChatApp.Web\MyChatApp.Web.csproj", "{9B448362-92C5-5AD8-406D-ECA538315BF4}"
EndProject
Project("{FAE04EC0-301F-11D3-BF4B-00C04F79EFBC}") = "MyMcpServer", "MyMcpServer\MyMcpServer.csproj", "{0ED3E0E1-27F5-4B18-BE8C-CB69C6B0E27C}"
EndProject
Project("{FAE04EC0-301F-11D3-BF4B-00C04F79EFBC}") = "MyMcpServerHttp", "MyMcpServerHttp\MyMcpServerHttp.csproj", "{7BD726AB-5C6D-45CA-BA77-465DA881C2FE}"
EndProject
Project("{FAE04EC0-301F-11D3-BF4B-00C04F79EFBC}") = "MyAdminApp.Web", "MyAdminApp.Web\MyAdminApp.Web.csproj", "{8B029456-C718-4103-9B36-4E7D8076A49A}"
EndProject
Project("{FAE04EC0-301F-11D3-BF4B-00C04F79EFBC}") = "MyFunctionApp", "MyFunctionApp\MyFunctionApp.csproj", "{77F56296-E420-4DFB-8423-131867F6F1DD}"
EndProject
Global
	GlobalSection(SolutionConfigurationPlatforms) = preSolution
		Debug|Any CPU = Debug|Any CPU
		Debug|x64 = Debug|x64
		Debug|x86 = Debug|x86
		Release|Any CPU = Release|Any CPU
		Release|x64 = Release|x64
		Release|x86 = Release|x86
	EndGlobalSection
	GlobalSection(ProjectConfigurationPlatforms) = postSolution
		{F4D940C1-F3DE-7A3D-7CC9-E3E428388560}.Debug|Any CPU.ActiveCfg = Debug|Any CPU
		{F4D940C1-F3DE-7A3D-7CC9-E3E428388560}.Debug|Any CPU.Build.0 = Debug|Any CPU
		{F4D940C1-F3DE-7A3D-7CC9-E3E428388560}.Debug|x64.ActiveCfg = Debug|Any CPU
		{F4D940C1-F3DE-7A3D-7CC9-E3E428388560}.Debug|x64.Build.0 = Debug|Any CPU
		{F4D940C1-F3DE-7A3D-7CC9-E3E428388560}.Debug|x86.ActiveCfg = Debug|Any CPU
		{F4D940C1-F3DE-7A3D-7CC9-E3E428388560}.Debug|x86.Build.0 = Debug|Any CPU
		{F4D940C1-F3DE-7A3D-7CC9-E3E428388560}.Release|Any CPU.ActiveCfg = Release|Any CPU
		{F4D940C1-F3DE-7A3D-7CC9-E3E428388560}.Release|Any CPU.Build.0 = Release|Any CPU
		{F4D940C1-F3DE-7A3D-7CC9-E3E428388560}.Release|x64.ActiveCfg = Release|Any CPU
		{F4D940C1-F3DE-7A3D-7CC9-E3E428388560}.Release|x64.Build.0 = Release|Any CPU
		{F4D940C1-F3DE-7A3D-7CC9-E3E428388560}.Release|x86.ActiveCfg = Release|Any CPU
		{F4D940C1-F3DE-7A3D-7CC9-E3E428388560}.Release|x86.Build.0 = Release|Any CPU
		{A2C93826-BCCC-C6DD-3269-F6E8DF7A06B4}.Debug|Any CPU.ActiveCfg = Debug|Any CPU
		{A2C93826-BCCC-C6DD-3269-F6E8DF7A06B4}.Debug|Any CPU.Build.0 = Debug|Any CPU
		{A2C93826-BCCC-C6DD-3269-F6E8DF7A06B4}.Debug|x64.ActiveCfg = Debug|Any CPU
		{A2C93826-BCCC-C6DD-3269-F6E8DF7A06B4}.Debug|x64.Build.0 = Debug|Any CPU
		{A2C93826-BCCC-C6DD-3269-F6E8DF7A06B4}.Debug|x86.ActiveCfg = Debug|Any CPU
		{A2C93826-BCCC-C6DD-3269-F6E8DF7A06B4}.Debug|x86.Build.0 = Debug|Any CPU
		{A2C93826-BCCC-C6DD-3269-F6E8DF7A06B4}.Release|Any CPU.ActiveCfg = Release|Any CPU
		{A2C93826-BCCC-C6DD-3269-F6E8DF7A06B4}.Release|Any CPU.Build.0 = Release|Any CPU
		{A2C93826-BCCC-C6DD-3269-F6E8DF7A06B4}.Release|x64.ActiveCfg = Release|Any CPU
		{A2C93826-BCCC-C6DD-3269-F6E8DF7A06B4}.Release|x64.Build.0 = Release|Any CPU
		{A2C93826-BCCC-C6DD-3269-F6E8DF7A06B4}.Release|x86.ActiveCfg = Release|Any CPU
		{A2C93826-BCCC-C6DD-3269-F6E8DF7A06B4}.Release|x86.Build.0 = Release|Any CPU
		{9B448362-92C5-5AD8-406D-ECA538315BF4}.Debug|Any CPU.ActiveCfg = Debug|Any CPU
		{9B448362-92C5-5AD8-406D-ECA538315BF4}.Debug|Any CPU.Build.0 = Debug|Any CPU
		{9B448362-92C5-5AD8-406D-ECA538315BF4}.Debug|x64.ActiveCfg = Debug|Any CPU
		{9B448362-92C5-5AD8-406D-ECA538315BF4}.Debug|x64.Build.0 = Debug|Any CPU
		{9B448362-92C5-5AD8-406D-ECA538315BF4}.Debug|x86.ActiveCfg = Debug|Any CPU
		{9B448362-92C5-5AD8-406D-ECA538315BF4}.Debug|x86.Build.0 = Debug|Any CPU
		{9B448362-92C5-5AD8-406D-ECA538315BF4}.Release|Any CPU.ActiveCfg = Release|Any CPU
		{9B448362-92C5-5AD8-406D-ECA538315BF4}.Release|Any CPU.Build.0 = Release|Any CPU
		{9B448362-92C5-5AD8-406D-ECA538315BF4}.Release|x64.ActiveCfg = Release|Any CPU
		{9B448362-92C5-5AD8-406D-ECA538315BF4}.Release|x64.Build.0 = Release|Any CPU
		{9B448362-92C5-5AD8-406D-ECA538315BF4}.Release|x86.ActiveCfg = Release|Any CPU
		{9B448362-92C5-5AD8-406D-ECA538315BF4}.Release|x86.Build.0 = Release|Any CPU
		{0ED3E0E1-27F5-4B18-BE8C-CB69C6B0E27C}.Debug|Any CPU.ActiveCfg = Debug|Any CPU
		{0ED3E0E1-27F5-4B18-BE8C-CB69C6B0E27C}.Debug|Any CPU.Build.0 = Debug|Any CPU
		{0ED3E0E1-27F5-4B18-BE8C-CB69C6B0E27C}.Debug|x64.ActiveCfg = Debug|Any CPU
		{0ED3E0E1-27F5-4B18-BE8C-CB69C6B0E27C}.Debug|x64.Build.0 = Debug|Any CPU
		{0ED3E0E1-27F5-4B18-BE8C-CB69C6B0E27C}.Debug|x86.ActiveCfg = Debug|Any CPU
		{0ED3E0E1-27F5-4B18-BE8C-CB69C6B0E27C}.Debug|x86.Build.0 = Debug|Any CPU
		{0ED3E0E1-27F5-4B18-BE8C-CB69C6B0E27C}.Release|Any CPU.ActiveCfg = Release|Any CPU
		{0ED3E0E1-27F5-4B18-BE8C-CB69C6B0E27C}.Release|Any CPU.Build.0 = Release|Any CPU
		{0ED3E0E1-27F5-4B18-BE8C-CB69C6B0E27C}.Release|x64.ActiveCfg = Release|Any CPU
		{0ED3E0E1-27F5-4B18-BE8C-CB69C6B0E27C}.Release|x64.Build.0 = Release|Any CPU
		{0ED3E0E1-27F5-4B18-BE8C-CB69C6B0E27C}.Release|x86.ActiveCfg = Release|Any CPU
		{0ED3E0E1-27F5-4B18-BE8C-CB69C6B0E27C}.Release|x86.Build.0 = Release|Any CPU
		{7BD726AB-5C6D-45CA-BA77-465DA881C2FE}.Debug|Any CPU.ActiveCfg = Debug|Any CPU
		{7BD726AB-5C6D-45CA-BA77-465DA881C2FE}.Debug|Any CPU.Build.0 = Debug|Any CPU
		{7BD726AB-5C6D-45CA-BA77-465DA881C2FE}.Debug|x64.ActiveCfg = Debug|Any CPU
		{7BD726AB-5C6D-45CA-BA77-465DA881C2FE}.Debug|x64.Build.0 = Debug|Any CPU
		{7BD726AB-5C6D-45CA-BA77-465DA881C2FE}.Debug|x86.ActiveCfg = Debug|Any CPU
		{7BD726AB-5C6D-45CA-BA77-465DA881C2FE}.Debug|x86.Build.0 = Debug|Any CPU
		{7BD726AB-5C6D-45CA-BA77-465DA881C2FE}.Release|Any CPU.ActiveCfg = Release|Any CPU
		{7BD726AB-5C6D-45CA-BA77-465DA881C2FE}.Release|Any CPU.Build.0 = Release|Any CPU
		{7BD726AB-5C6D-45CA-BA77-465DA881C2FE}.Release|x64.ActiveCfg = Release|Any CPU
		{7BD726AB-5C6D-45CA-BA77-465DA881C2FE}.Release|x64.Build.0 = Release|Any CPU
		{7BD726AB-5C6D-45CA-BA77-465DA881C2FE}.Release|x86.ActiveCfg = Release|Any CPU
		{7BD726AB-5C6D-45CA-BA77-465DA881C2FE}.Release|x86.Build.0 = Release|Any CPU
		{8B029456-C718-4103-9B36-4E7D8076A49A}.Debug|Any CPU.ActiveCfg = Debug|Any CPU
		{8B029456-C718-4103-9B36-4E7D8076A49A}.Debug|Any CPU.Build.0 = Debug|Any CPU
		{8B029456-C718-4103-9B36-4E7D8076A49A}.Debug|x64.ActiveCfg = Debug|Any CPU
		{8B029456-C718-4103-9B36-4E7D8076A49A}.Debug|x64.Build.0 = Debug|Any CPU
		{8B029456-C718-4103-9B36-4E7D8076A49A}.Debug|x86.ActiveCfg = Debug|Any CPU
		{8B029456-C718-4103-9B36-4E7D8076A49A}.Debug|x86.Build.0 = Debug|Any CPU
		{8B029456-C718-4103-9B36-4E7D8076A49A}.Release|Any CPU.ActiveCfg = Release|Any CPU
		{8B029456-C718-4103-9B36-4E7D8076A49A}.Release|Any CPU.Build.0 = Release|Any CPU
		{8B029456-C718-4103-9B36-4E7D8076A49A}.Release|x64.ActiveCfg = Release|Any CPU
		{8B029456-C718-4103-9B36-4E7D8076A49A}.Release|x64.Build.0 = Release|Any CPU
		{8B029456-C718-4103-9B36-4E7D8076A49A}.Release|x86.ActiveCfg = Release|Any CPU
		{8B029456-C718-4103-9B36-4E7D8076A49A}.Release|x86.Build.0 = Release|Any CPU
		{77F56296-E420-4DFB-8423-131867F6F1DD}.Debug|Any CPU.ActiveCfg = Debug|Any CPU
		{77F56296-E420-4DFB-8423-131867F6F1DD}.Debug|Any CPU.Build.0 = Debug|Any CPU
		{77F56296-E420-4DFB-8423-131867F6F1DD}.Debug|x64.ActiveCfg = Debug|Any CPU
		{77F56296-E420-4DFB-8423-131867F6F1DD}.Debug|x64.Build.0 = Debug|Any CPU
		{77F56296-E420-4DFB-8423-131867F6F1DD}.Debug|x86.ActiveCfg = Debug|Any CPU
		{77F56296-E420-4DFB-8423-131867F6F1DD}.Debug|x86.Build.0 = Debug|Any CPU
		{77F56296-E420-4DFB-8423-131867F6F1DD}.Release|Any CPU.ActiveCfg = Release|Any CPU
		{77F56296-E420-4DFB-8423-131867F6F1DD}.Release|Any CPU.Build.0 = Release|Any CPU
		{77F56296-E420-4DFB-8423-131867F6F1DD}.Release|x64.ActiveCfg = Release|Any CPU
		{77F56296-E420-4DFB-8423-131867F6F1DD}.Release|x64.Build.0 = Release|Any CPU
		{77F56296-E420-4DFB-8423-131867F6F1DD}.Release|x86.ActiveCfg = Release|Any CPU
		{77F56296-E420-4DFB-8423-131867F6F1DD}.Release|x86.Build.0 = Release|Any CPU
	EndGlobalSection
	GlobalSection(SolutionProperties) = preSolution
		HideSolutionNode = FALSE
	EndGlobalSection
	GlobalSection(ExtensibilityGlobals) = postSolution
		SolutionGuid = {341E7CF8-4BBB-4B75-9A37-48D1D52643CE}
	EndGlobalSection
EndGlobal
